// !$*UTF8*$!
{
	archiveVersion = 1;
	classes = {
	};
	objectVersion = 46;
	objects = {

/* Begin PBXBuildFile section */
		5D1F315E1D7E604A00D652AD /* AppDelegate.swift in Sources */ = {isa = PBXBuildFile; fileRef = 5D1F315D1D7E604A00D652AD /* AppDelegate.swift */; };
		5D1F31601D7E604A00D652AD /* ViewController.swift in Sources */ = {isa = PBXBuildFile; fileRef = 5D1F315F1D7E604A00D652AD /* ViewController.swift */; };
		5D1F31631D7E604A00D652AD /* Main.storyboard in Resources */ = {isa = PBXBuildFile; fileRef = 5D1F31611D7E604A00D652AD /* Main.storyboard */; };
		5D1F31651D7E604A00D652AD /* Assets.xcassets in Resources */ = {isa = PBXBuildFile; fileRef = 5D1F31641D7E604A00D652AD /* Assets.xcassets */; };
		5D1F31681D7E604A00D652AD /* LaunchScreen.storyboard in Resources */ = {isa = PBXBuildFile; fileRef = 5D1F31661D7E604A00D652AD /* LaunchScreen.storyboard */; };
/* End PBXBuildFile section */

/* Begin PBXFileReference section */
		5D1F315A1D7E604A00D652AD /* ShuffleIt.app */ = {isa = PBXFileReference; explicitFileType = wrapper.application; includeInIndex = 0; path = ShuffleIt.app; sourceTree = BUILT_PRODUCTS_DIR; };
		5D1F315D1D7E604A00D652AD /* AppDelegate.swift */ = {isa = PBXFileReference; lastKnownFileType = sourcecode.swift; path = AppDelegate.swift; sourceTree = "<group>"; };
		5D1F315F1D7E604A00D652AD /* ViewController.swift */ = {isa = PBXFileReference; lastKnownFileType = sourcecode.swift; path = ViewController.swift; sourceTree = "<group>"; };
		5D1F31621D7E604A00D652AD /* Base */ = {isa = PBXFileReference; lastKnownFileType = file.storyboard; name = Base; path = Base.lproj/Main.storyboard; sourceTree = "<group>"; };
		5D1F31641D7E604A00D652AD /* Assets.xcassets */ = {isa = PBXFileReference; lastKnownFileType = folder.assetcatalog; path = Assets.xcassets; sourceTree = "<group>"; };
		5D1F31671D7E604A00D652AD /* Base */ = {isa = PBXFileReference; lastKnownFileType = file.storyboard; name = Base; path = Base.lproj/LaunchScreen.storyboard; sourceTree = "<group>"; };
		5D1F31691D7E604A00D652AD /* Info.plist */ = {isa = PBXFileReference; lastKnownFileType = text.plist.xml; path = Info.plist; sourceTree = "<group>"; };
/* End PBXFileReference section */

/* Begin PBXFrameworksBuildPhase section */
		5D1F31571D7E604A00D652AD /* Frameworks */ = {
			isa = PBXFrameworksBuildPhase;
			buildActionMask = 2147483647;
			files = (
			);
			runOnlyForDeploymentPostprocessing = 0;
		};
/* End PBXFrameworksBuildPhase section */

/* Begin PBXGroup section */
		5D1F31511D7E604A00D652AD = {
			isa = PBXGroup;
			children = (
				5D1F315C1D7E604A00D652AD /* ShuffleIt */,
				5D1F315B1D7E604A00D652AD /* Products */,
			);
			sourceTree = "<group>";
		};
		5D1F315B1D7E604A00D652AD /* Products */ = {
			isa = PBXGroup;
			children = (
				5D1F315A1D7E604A00D652AD /* ShuffleIt.app */,
			);
			name = Products;
			sourceTree = "<group>";
		};
		5D1F315C1D7E604A00D652AD /* ShuffleIt */ = {
			isa = PBXGroup;
			children = (
				5D1F315D1D7E604A00D652AD /* AppDelegate.swift */,
				5D1F315F1D7E604A00D652AD /* ViewController.swift */,
				5D1F31611D7E604A00D652AD /* Main.storyboard */,
				5D1F31641D7E604A00D652AD /* Assets.xcassets */,
				5D1F31661D7E604A00D652AD /* LaunchScreen.storyboard */,
				5D1F31691D7E604A00D652AD /* Info.plist */,
			);
			name = ShuffleIt;
			path = War;
			sourceTree = "<group>";
		};
/* End PBXGroup section */

/* Begin PBXNativeTarget section */
		5D1F31591D7E604A00D652AD /* ShuffleIt */ = {
			isa = PBXNativeTarget;
			buildConfigurationList = 5D1F316C1D7E604A00D652AD /* Build configuration list for PBXNativeTarget "ShuffleIt" */;
			buildPhases = (
				5D1F31561D7E604A00D652AD /* Sources */,
				5D1F31571D7E604A00D652AD /* Frameworks */,
				5D1F31581D7E604A00D652AD /* Resources */,
			);
			buildRules = (
			);
			dependencies = (
			);
			name = ShuffleIt;
			productName = War;
			productReference = 5D1F315A1D7E604A00D652AD /* ShuffleIt.app */;
			productType = "com.apple.product-type.application";
		};
/* End PBXNativeTarget section */

/* Begin PBXProject section */
		5D1F31521D7E604A00D652AD /* Project object */ = {
			isa = PBXProject;
			attributes = {
				LastSwiftUpdateCheck = 0730;
				LastUpgradeCheck = 0730;
				ORGANIZATIONNAME = CodeWithKarthik;
				TargetAttributes = {
					5D1F31591D7E604A00D652AD = {
						CreatedOnToolsVersion = 7.3.1;
						DevelopmentTeam = EM9NXUSF8A;
					};
				};
			};
			buildConfigurationList = 5D1F31551D7E604A00D652AD /* Build configuration list for PBXProject "ShuffleIt" */;
			compatibilityVersion = "Xcode 3.2";
			developmentRegion = English;
			hasScannedForEncodings = 0;
			knownRegions = (
				en,
				Base,
			);
			mainGroup = 5D1F31511D7E604A00D652AD;
			productRefGroup = 5D1F315B1D7E604A00D652AD /* Products */;
			projectDirPath = "";
			projectRoot = "";
			targets = (
				5D1F31591D7E604A00D652AD /* ShuffleIt */,
			);
		};
/* End PBXProject section */

/* Begin PBXResourcesBuildPhase section */
		5D1F31581D7E604A00D652AD /* Resources */ = {
			isa = PBXResourcesBuildPhase;
			buildActionMask = 2147483647;
			files = (
				5D1F31681D7E604A00D652AD /* LaunchScreen.storyboard in Resources */,
				5D1F31651D7E604A00D652AD /* Assets.xcassets in Resources */,
				5D1F31631D7E604A00D652AD /* Main.storyboard in Resources */,
			);
			runOnlyForDeploymentPostprocessing = 0;
		};
/* End PBXResourcesBuildPhase section */

/* Begin PBXSourcesBuildPhase section */
		5D1F31561D7E604A00D652AD /* Sources */ = {
			isa = PBXSourcesBuildPhase;
			buildActionMask = 2147483647;
			files = (
				5D1F31601D7E604A00D652AD /* ViewController.swift in Sources */,
				5D1F315E1D7E604A00D652AD /* AppDelegate.swift in Sources */,
			);
			runOnlyForDeploymentPostprocessing = 0;
		};
/* End PBXSourcesBuildPhase section */

/* Begin PBXVariantGroup section */
		5D1F31611D7E604A00D652AD /* Main.storyboard */ = {
			isa = PBXVariantGroup;
			children = (
				5D1F31621D7E604A00D652AD /* Base */,
			);
			name = Main.storyboard;
			sourceTree = "<group>";
		};
		5D1F31661D7E604A00D652AD /* LaunchScreen.storyboard */ = {
			isa = PBXVariantGroup;
			children = (
				5D1F31671D7E604A00D652AD /* Base */,
			);
			name = LaunchScreen.storyboard;
			sourceTree = "<group>";
		};
/* End PBXVariantGroup section */

/* Begin XCBuildConfiguration section */
		5D1F316A1D7E604A00D652AD /* Debug */ = {
			isa = XCBuildConfiguration;
			buildSettings = {
				ALWAYS_SEARCH_USER_PATHS = NO;
				CLANG_ANALYZER_NONNULL = YES;
				CLANG_CXX_LANGUAGE_STANDARD = "gnu++0x";
				CLANG_CXX_LIBRARY = "libc++";
				CLANG_ENABLE_MODULES = YES;
				CLANG_ENABLE_OBJC_ARC = YES;
				CLANG_WARN_BOOL_CONVERSION = YES;
				CLANG_WARN_CONSTANT_CONVERSION = YES;
				CLANG_WARN_DIRECT_OBJC_ISA_USAGE = YES_ERROR;
				CLANG_WARN_EMPTY_BODY = YES;
				CLANG_WARN_ENUM_CONVERSION = YES;
				CLANG_WARN_INT_CONVERSION = YES;
				CLANG_WARN_OBJC_ROOT_CLASS = YES_ERROR;
				CLANG_WARN_UNREACHABLE_CODE = YES;
				CLANG_WARN__DUPLICATE_METHOD_MATCH = YES;
				"CODE_SIGN_IDENTITY[sdk=iphoneos*]" = "iPhone Developer";
				COPY_PHASE_STRIP = NO;
				DEBUG_INFORMATION_FORMAT = dwarf;
				ENABLE_STRICT_OBJC_MSGSEND = YES;
				ENABLE_TESTABILITY = YES;
				GCC_C_LANGUAGE_STANDARD = gnu99;
				GCC_DYNAMIC_NO_PIC = NO;
				GCC_NO_COMMON_BLOCKS = YES;
				GCC_OPTIMIZATION_LEVEL = 0;
				GCC_PREPROCESSOR_DEFINITIONS = (
					"DEBUG=1",
					"$(inherited)",
				);
				GCC_WARN_64_TO_32_BIT_CONVERSION = YES;
				GCC_WARN_ABOUT_RETURN_TYPE = YES_ERROR;
				GCC_WARN_UNDECLARED_SELECTOR = YES;
				GCC_WARN_UNINITIALIZED_AUTOS = YES_AGGRESSIVE;
				GCC_WARN_UNUSED_FUNCTION = YES;
				GCC_WARN_UNUSED_VARIABLE = YES;
				IPHONEOS_DEPLOYMENT_TARGET = 9.3;
				MTL_ENABLE_DEBUG_INFO = YES;
				ONLY_ACTIVE_ARCH = YES;
				SDKROOT = iphoneos;
				SWIFT_OPTIMIZATION_LEVEL = "-Onone";
			};
			name = Debug;
		};
		5D1F316B1D7E604A00D652AD /* Release */ = {
			isa = XCBuildConfiguration;
			buildSettings = {
				ALWAYS_SEARCH_USER_PATHS = NO;
				CLANG_ANALYZER_NONNULL = YES;
				CLANG_CXX_LANGUAGE_STANDARD = "gnu++0x";
				CLANG_CXX_LIBRARY = "libc++";
				CLANG_ENABLE_MODULES = YES;
				CLANG_ENABLE_OBJC_ARC = YES;
				CLANG_WARN_BOOL_CONVERSION = YES;
				CLANG_WARN_CONSTANT_CONVERSION = YES;
				CLANG_WARN_DIRECT_OBJC_ISA_USAGE = YES_ERROR;
				CLANG_WARN_EMPTY_BODY = YES;
				CLANG_WARN_ENUM_CONVERSION = YES;
				CLANG_WARN_INT_CONVERSION = YES;
				CLANG_WARN_OBJC_ROOT_CLASS = YES_ERROR;
				CLANG_WARN_UNREACHABLE_CODE = YES;
				CLANG_WARN__DUPLICATE_METHOD_MATCH = YES;
				"CODE_SIGN_IDENTITY[sdk=iphoneos*]" = "iPhone Developer";
				COPY_PHASE_STRIP = NO;
				DEBUG_INFORMATION_FORMAT = "dwarf-with-dsym";
				ENABLE_NS_ASSERTIONS = NO;
				ENABLE_STRICT_OBJC_MSGSEND = YES;
				GCC_C_LANGUAGE_STANDARD = gnu99;
				GCC_NO_COMMON_BLOCKS = YES;
				GCC_WARN_64_TO_32_BIT_CONVERSION = YES;
				GCC_WARN_ABOUT_RETURN_TYPE = YES_ERROR;
				GCC_WARN_UNDECLARED_SELECTOR = YES;
				GCC_WARN_UNINITIALIZED_AUTOS = YES_AGGRESSIVE;
				GCC_WARN_UNUSED_FUNCTION = YES;
				GCC_WARN_UNUSED_VARIABLE = YES;
				IPHONEOS_DEPLOYMENT_TARGET = 9.3;
				MTL_ENABLE_DEBUG_INFO = NO;
				SDKROOT = iphoneos;
				VALIDATE_PRODUCT = YES;
			};
			name = Release;
		};
		5D1F316D1D7E604A00D652AD /* Debug */ = {
			isa = XCBuildConfiguration;
			buildSettings = {
				ASSETCATALOG_COMPILER_APPICON_NAME = AppIcon;
				CODE_SIGN_IDENTITY = "iPhone Developer";
				"CODE_SIGN_IDENTITY[sdk=iphoneos*]" = "iPhone Developer";
				INFOPLIST_FILE = War/Info.plist;
				LD_RUNPATH_SEARCH_PATHS = "$(inherited) @executable_path/Frameworks";
				PRODUCT_BUNDLE_IDENTIFIER = com.codewithkarthik.ShuffleIt;
				PRODUCT_NAME = ShuffleIt;
				PROVISIONING_PROFILE = "";
			};
			name = Debug;
		};
		5D1F316E1D7E604A00D652AD /* Release */ = {
			isa = XCBuildConfiguration;
			buildSettings = {
				ASSETCATALOG_COMPILER_APPICON_NAME = AppIcon;
				CODE_SIGN_IDENTITY = "iPhone Developer";
				"CODE_SIGN_IDENTITY[sdk=iphoneos*]" = "iPhone Developer";
				INFOPLIST_FILE = War/Info.plist;
				LD_RUNPATH_SEARCH_PATHS = "$(inherited) @executable_path/Frameworks";
				PRODUCT_BUNDLE_IDENTIFIER = com.codewithkarthik.ShuffleIt;
				PRODUCT_NAME = ShuffleIt;
				PROVISIONING_PROFILE = "";
			};
			name = Release;
		};
/* End XCBuildConfiguration section */

/* Begin XCConfigurationList section */
		5D1F31551D7E604A00D652AD /* Build configuration list for PBXProject "ShuffleIt" */ = {
			isa = XCConfigurationList;
			buildConfigurations = (
				5D1F316A1D7E604A00D652AD /* Debug */,
				5D1F316B1D7E604A00D652AD /* Release */,
			);
			defaultConfigurationIsVisible = 0;
			defaultConfigurationName = Release;
		};
		5D1F316C1D7E604A00D652AD /* Build configuration list for PBXNativeTarget "ShuffleIt" */ = {
			isa = XCConfigurationList;
			buildConfigurations = (
				5D1F316D1D7E604A00D652AD /* Debug */,
				5D1F316E1D7E604A00D652AD /* Release */,
			);
			defaultConfigurationIsVisible = 0;
			defaultConfigurationName = Release;
		};
/* End XCConfigurationList section */
	};
	rootObject = 5D1F31521D7E604A00D652AD /* Project object */;
}
